
Microsoft Visual Studio Solution File, Format Version 12.00
# Visual Studio Version 17
VisualStudioVersion = 17.12.35728.132
MinimumVisualStudioVersion = 10.0.40219.1
Project("{FAE04EC0-301F-11D3-BF4B-00C04F79EFBC}") = "FlowPack", "src\FlowPack.csproj", "{13B38F4C-6E7B-4853-A3E6-FBF4CEF8216A}"
EndProject
Global
	GlobalSection(SolutionConfigurationPlatforms) = preSolution
		Debug|Any CPU = Debug|Any CPU
		Release|Any CPU = Release|Any CPU
	EndGlobalSection
	GlobalSection(ProjectConfigurationPlatforms) = postSolution
		{13B38F4C-6E7B-4853-A3E6-FBF4CEF8216A}.Debug|Any CPU.ActiveCfg = Debug|Any CPU
		{13B38F4C-6E7B-4853-A3E6-FBF4CEF8216A}.Debug|Any CPU.Build.0 = Debug|Any CPU
		{13B38F4C-6E7B-4853-A3E6-FBF4CEF8216A}.Release|Any CPU.ActiveCfg = Release|Any CPU
		{13B38F4C-6E7B-4853-A3E6-FBF4CEF8216A}.Release|Any CPU.Build.0 = Release|Any CPU
	EndGlobalSection
	GlobalSection(SolutionProperties) = preSolution
		HideSolutionNode = FALSE
	EndGlobalSection
EndGlobal
